
Microsoft Visual Studio Solution File, Format Version 12.00
# Visual Studio Version 17
VisualStudioVersion = 17.9.34622.214
MinimumVisualStudioVersion = 10.0.40219.1
Project("{9A19103F-16F7-4668-BE54-9A1E7A4F7556}") = "RnR81Exp", "RnR81Exp\RnR81Exp.csproj", "{5E478418-6E42-4E3E-8AD5-806EF6C95AB7}"
EndProject
Project("{FAE04EC0-301F-11D3-BF4B-00C04F79EFBC}") = "RnR81Exp2", "RnR81Exp2\RnR81Exp2.csproj", "{5BDBFF7D-2932-4DF2-A17B-AADCFAEA8C87}"
EndProject
Global
	GlobalSection(SolutionConfigurationPlatforms) = preSolution
		Debug|Any CPU = Debug|Any CPU
		Release|Any CPU = Release|Any CPU
	EndGlobalSection
	GlobalSection(ProjectConfigurationPlatforms) = postSolution
		{5E478418-6E42-4E3E-8AD5-806EF6C95AB7}.Debug|Any CPU.ActiveCfg = Debug|Any CPU
		{5E478418-6E42-4E3E-8AD5-806EF6C95AB7}.Debug|Any CPU.Build.0 = Debug|Any CPU
		{5E478418-6E42-4E3E-8AD5-806EF6C95AB7}.Release|Any CPU.ActiveCfg = Release|Any CPU
		{5E478418-6E42-4E3E-8AD5-806EF6C95AB7}.Release|Any CPU.Build.0 = Release|Any CPU
		{5BDBFF7D-2932-4DF2-A17B-AADCFAEA8C87}.Debug|Any CPU.ActiveCfg = Debug|Any CPU
		{5BDBFF7D-2932-4DF2-A17B-AADCFAEA8C87}.Debug|Any CPU.Build.0 = Debug|Any CPU
		{5BDBFF7D-2932-4DF2-A17B-AADCFAEA8C87}.Release|Any CPU.ActiveCfg = Release|Any CPU
		{5BDBFF7D-2932-4DF2-A17B-AADCFAEA8C87}.Release|Any CPU.Build.0 = Release|Any CPU
	EndGlobalSection
	GlobalSection(SolutionProperties) = preSolution
		HideSolutionNode = FALSE
	EndGlobalSection
	GlobalSection(ExtensibilityGlobals) = postSolution
		SolutionGuid = {7C3C80A4-BDDA-43E6-AB8E-DC37A616A7BE}
	EndGlobalSection
EndGlobal
